// !$*UTF8*$!
{
	archiveVersion = 1;
	classes = {
	};
	objectVersion = 50;
	objects = {

/* Begin PBXBuildFile section */
		1615E5C523CC0EEA00B7ED3A /* BouncyViewController.swift in Sources */ = {isa = PBXBuildFile; fileRef = 1615E5C423CC0EEA00B7ED3A /* BouncyViewController.swift */; };
		1615E5C723CC1D9E00B7ED3A /* AnimationTableViewController.swift in Sources */ = {isa = PBXBuildFile; fileRef = 1615E5C623CC1D9E00B7ED3A /* AnimationTableViewController.swift */; };
		1615E5C923CC314600B7ED3A /* RadioButton.swift in Sources */ = {isa = PBXBuildFile; fileRef = 1615E5C823CC314600B7ED3A /* RadioButton.swift */; };
		16A3C60A23CBFF270096414E /* AppDelegate.swift in Sources */ = {isa = PBXBuildFile; fileRef = 16A3C60923CBFF270096414E /* AppDelegate.swift */; };
		16A3C60C23CBFF270096414E /* SceneDelegate.swift in Sources */ = {isa = PBXBuildFile; fileRef = 16A3C60B23CBFF270096414E /* SceneDelegate.swift */; };
		16A3C60E23CBFF270096414E /* ViewController.swift in Sources */ = {isa = PBXBuildFile; fileRef = 16A3C60D23CBFF270096414E /* ViewController.swift */; };
		16A3C61123CBFF270096414E /* Main.storyboard in Resources */ = {isa = PBXBuildFile; fileRef = 16A3C60F23CBFF270096414E /* Main.storyboard */; };
		16A3C61323CBFF290096414E /* Assets.xcassets in Resources */ = {isa = PBXBuildFile; fileRef = 16A3C61223CBFF290096414E /* Assets.xcassets */; };
		16A3C61623CBFF290096414E /* LaunchScreen.storyboard in Resources */ = {isa = PBXBuildFile; fileRef = 16A3C61423CBFF290096414E /* LaunchScreen.storyboard */; };
/* End PBXBuildFile section */

/* Begin PBXFileReference section */
		1615E5C423CC0EEA00B7ED3A /* BouncyViewController.swift */ = {isa = PBXFileReference; lastKnownFileType = sourcecode.swift; path = BouncyViewController.swift; sourceTree = "<group>"; };
		1615E5C623CC1D9E00B7ED3A /* AnimationTableViewController.swift */ = {isa = PBXFileReference; lastKnownFileType = sourcecode.swift; path = AnimationTableViewController.swift; sourceTree = "<group>"; };
		1615E5C823CC314600B7ED3A /* RadioButton.swift */ = {isa = PBXFileReference; lastKnownFileType = sourcecode.swift; path = RadioButton.swift; sourceTree = "<group>"; };
		16A3C60623CBFF270096414E /* AnimationBasic1.app */ = {isa = PBXFileReference; explicitFileType = wrapper.application; includeInIndex = 0; path = AnimationBasic1.app; sourceTree = BUILT_PRODUCTS_DIR; };
		16A3C60923CBFF270096414E /* AppDelegate.swift */ = {isa = PBXFileReference; lastKnownFileType = sourcecode.swift; path = AppDelegate.swift; sourceTree = "<group>"; };
		16A3C60B23CBFF270096414E /* SceneDelegate.swift */ = {isa = PBXFileReference; lastKnownFileType = sourcecode.swift; path = SceneDelegate.swift; sourceTree = "<group>"; };
		16A3C60D23CBFF270096414E /* ViewController.swift */ = {isa = PBXFileReference; lastKnownFileType = sourcecode.swift; path = ViewController.swift; sourceTree = "<group>"; };
		16A3C61023CBFF270096414E /* Base */ = {isa = PBXFileReference; lastKnownFileType = file.storyboard; name = Base; path = Base.lproj/Main.storyboard; sourceTree = "<group>"; };
		16A3C61223CBFF290096414E /* Assets.xcassets */ = {isa = PBXFileReference; lastKnownFileType = folder.assetcatalog; path = Assets.xcassets; sourceTree = "<group>"; };
		16A3C61523CBFF290096414E /* Base */ = {isa = PBXFileReference; lastKnownFileType = file.storyboard; name = Base; path = Base.lproj/LaunchScreen.storyboard; sourceTree = "<group>"; };
		16A3C61723CBFF290096414E /* Info.plist */ = {isa = PBXFileReference; lastKnownFileType = text.plist.xml; path = Info.plist; sourceTree = "<group>"; };
/* End PBXFileReference section */

/* Begin PBXFrameworksBuildPhase section */
		16A3C60323CBFF270096414E /* Frameworks */ = {
			isa = PBXFrameworksBuildPhase;
			buildActionMask = 2147483647;
			files = (
			);
			runOnlyForDeploymentPostprocessing = 0;
		};
/* End PBXFrameworksBuildPhase section */

/* Begin PBXGroup section */
		16A3C5FD23CBFF270096414E = {
			isa = PBXGroup;
			children = (
				16A3C60823CBFF270096414E /* AnimationBasic1 */,
				16A3C60723CBFF270096414E /* Products */,
			);
			sourceTree = "<group>";
		};
		16A3C60723CBFF270096414E /* Products */ = {
			isa = PBXGroup;
			children = (
				16A3C60623CBFF270096414E /* AnimationBasic1.app */,
			);
			name = Products;
			sourceTree = "<group>";
		};
		16A3C60823CBFF270096414E /* AnimationBasic1 */ = {
			isa = PBXGroup;
			children = (
				16A3C60923CBFF270096414E /* AppDelegate.swift */,
				16A3C60B23CBFF270096414E /* SceneDelegate.swift */,
				16A3C60D23CBFF270096414E /* ViewController.swift */,
				16A3C60F23CBFF270096414E /* Main.storyboard */,
				16A3C61223CBFF290096414E /* Assets.xcassets */,
				16A3C61423CBFF290096414E /* LaunchScreen.storyboard */,
				16A3C61723CBFF290096414E /* Info.plist */,
				1615E5C423CC0EEA00B7ED3A /* BouncyViewController.swift */,
				1615E5C623CC1D9E00B7ED3A /* AnimationTableViewController.swift */,
				1615E5C823CC314600B7ED3A /* RadioButton.swift */,
			);
			path = AnimationBasic1;
			sourceTree = "<group>";
		};
/* End PBXGroup section */

/* Begin PBXNativeTarget section */
		16A3C60523CBFF270096414E /* AnimationBasic1 */ = {
			isa = PBXNativeTarget;
			buildConfigurationList = 16A3C61A23CBFF290096414E /* Build configuration list for PBXNativeTarget "AnimationBasic1" */;
			buildPhases = (
				16A3C60223CBFF270096414E /* Sources */,
				16A3C60323CBFF270096414E /* Frameworks */,
				16A3C60423CBFF270096414E /* Resources */,
			);
			buildRules = (
			);
			dependencies = (
			);
			name = AnimationBasic1;
			productName = AnimationBasic1;
			productReference = 16A3C60623CBFF270096414E /* AnimationBasic1.app */;
			productType = "com.apple.product-type.application";
		};
/* End PBXNativeTarget section */

/* Begin PBXProject section */
		16A3C5FE23CBFF270096414E /* Project object */ = {
			isa = PBXProject;
			attributes = {
				LastSwiftUpdateCheck = 1120;
				LastUpgradeCheck = 1120;
				ORGANIZATIONNAME = thienle;
				TargetAttributes = {
					16A3C60523CBFF270096414E = {
						CreatedOnToolsVersion = 11.2;
					};
				};
			};
			buildConfigurationList = 16A3C60123CBFF270096414E /* Build configuration list for PBXProject "AnimationBasic1" */;
			compatibilityVersion = "Xcode 9.3";
			developmentRegion = en;
			hasScannedForEncodings = 0;
			knownRegions = (
				en,
				Base,
			);
			mainGroup = 16A3C5FD23CBFF270096414E;
			productRefGroup = 16A3C60723CBFF270096414E /* Products */;
			projectDirPath = "";
			projectRoot = "";
			targets = (
				16A3C60523CBFF270096414E /* AnimationBasic1 */,
			);
		};
/* End PBXProject section */

/* Begin PBXResourcesBuildPhase section */
		16A3C60423CBFF270096414E /* Resources */ = {
			isa = PBXResourcesBuildPhase;
			buildActionMask = 2147483647;
			files = (
				16A3C61623CBFF290096414E /* LaunchScreen.storyboard in Resources */,
				16A3C61323CBFF290096414E /* Assets.xcassets in Resources */,
				16A3C61123CBFF270096414E /* Main.storyboard in Resources */,
			);
			runOnlyForDeploymentPostprocessing = 0;
		};
/* End PBXResourcesBuildPhase section */

/* Begin PBXSourcesBuildPhase section */
		16A3C60223CBFF270096414E /* Sources */ = {
			isa = PBXSourcesBuildPhase;
			buildActionMask = 2147483647;
			files = (
				1615E5C523CC0EEA00B7ED3A /* BouncyViewController.swift in Sources */,
				16A3C60E23CBFF270096414E /* ViewController.swift in Sources */,
				16A3C60A23CBFF270096414E /* AppDelegate.swift in Sources */,
				1615E5C923CC314600B7ED3A /* RadioButton.swift in Sources */,
				1615E5C723CC1D9E00B7ED3A /* AnimationTableViewController.swift in Sources */,
				16A3C60C23CBFF270096414E /* SceneDelegate.swift in Sources */,
			);
			runOnlyForDeploymentPostprocessing = 0;
		};
/* End PBXSourcesBuildPhase section */

/* Begin PBXVariantGroup section */
		16A3C60F23CBFF270096414E /* Main.storyboard */ = {
			isa = PBXVariantGroup;
			children = (
				16A3C61023CBFF270096414E /* Base */,
			);
			name = Main.storyboard;
			sourceTree = "<group>";
		};
		16A3C61423CBFF290096414E /* LaunchScreen.storyboard */ = {
			isa = PBXVariantGroup;
			children = (
				16A3C61523CBFF290096414E /* Base */,
			);
			name = LaunchScreen.storyboard;
			sourceTree = "<group>";
		};
/* End PBXVariantGroup section */

/* Begin XCBuildConfiguration section */
		16A3C61823CBFF290096414E /* Debug */ = {
			isa = XCBuildConfiguration;
			buildSettings = {
				ALWAYS_SEARCH_USER_PATHS = NO;
				CLANG_ANALYZER_NONNULL = YES;
				CLANG_ANALYZER_NUMBER_OBJECT_CONVERSION = YES_AGGRESSIVE;
				CLANG_CXX_LANGUAGE_STANDARD = "gnu++14";
				CLANG_CXX_LIBRARY = "libc++";
				CLANG_ENABLE_MODULES = YES;
				CLANG_ENABLE_OBJC_ARC = YES;
				CLANG_ENABLE_OBJC_WEAK = YES;
				CLANG_WARN_BLOCK_CAPTURE_AUTORELEASING = YES;
				CLANG_WARN_BOOL_CONVERSION = YES;
				CLANG_WARN_COMMA = YES;
				CLANG_WARN_CONSTANT_CONVERSION = YES;
				CLANG_WARN_DEPRECATED_OBJC_IMPLEMENTATIONS = YES;
				CLANG_WARN_DIRECT_OBJC_ISA_USAGE = YES_ERROR;
				CLANG_WARN_DOCUMENTATION_COMMENTS = YES;
				CLANG_WARN_EMPTY_BODY = YES;
				CLANG_WARN_ENUM_CONVERSION = YES;
				CLANG_WARN_INFINITE_RECURSION = YES;
				CLANG_WARN_INT_CONVERSION = YES;
				CLANG_WARN_NON_LITERAL_NULL_CONVERSION = YES;
				CLANG_WARN_OBJC_IMPLICIT_RETAIN_SELF = YES;
				CLANG_WARN_OBJC_LITERAL_CONVERSION = YES;
				CLANG_WARN_OBJC_ROOT_CLASS = YES_ERROR;
				CLANG_WARN_RANGE_LOOP_ANALYSIS = YES;
				CLANG_WARN_STRICT_PROTOTYPES = YES;
				CLANG_WARN_SUSPICIOUS_MOVE = YES;
				CLANG_WARN_UNGUARDED_AVAILABILITY = YES_AGGRESSIVE;
				CLANG_WARN_UNREACHABLE_CODE = YES;
				CLANG_WARN__DUPLICATE_METHOD_MATCH = YES;
				COPY_PHASE_STRIP = NO;
				DEBUG_INFORMATION_FORMAT = dwarf;
				ENABLE_STRICT_OBJC_MSGSEND = YES;
				ENABLE_TESTABILITY = YES;
				GCC_C_LANGUAGE_STANDARD = gnu11;
				GCC_DYNAMIC_NO_PIC = NO;
				GCC_NO_COMMON_BLOCKS = YES;
				GCC_OPTIMIZATION_LEVEL = 0;
				GCC_PREPROCESSOR_DEFINITIONS = (
					"DEBUG=1",
					"$(inherited)",
				);
				GCC_WARN_64_TO_32_BIT_CONVERSION = YES;
				GCC_WARN_ABOUT_RETURN_TYPE = YES_ERROR;
				GCC_WARN_UNDECLARED_SELECTOR = YES;
				GCC_WARN_UNINITIALIZED_AUTOS = YES_AGGRESSIVE;
				GCC_WARN_UNUSED_FUNCTION = YES;
				GCC_WARN_UNUSED_VARIABLE = YES;
				IPHONEOS_DEPLOYMENT_TARGET = 13.2;
				MTL_ENABLE_DEBUG_INFO = INCLUDE_SOURCE;
				MTL_FAST_MATH = YES;
				ONLY_ACTIVE_ARCH = YES;
				SDKROOT = iphoneos;
				SWIFT_ACTIVE_COMPILATION_CONDITIONS = DEBUG;
				SWIFT_OPTIMIZATION_LEVEL = "-Onone";
			};
			name = Debug;
		};
		16A3C61923CBFF290096414E /* Release */ = {
			isa = XCBuildConfiguration;
			buildSettings = {
				ALWAYS_SEARCH_USER_PATHS = NO;
				CLANG_ANALYZER_NONNULL = YES;
				CLANG_ANALYZER_NUMBER_OBJECT_CONVERSION = YES_AGGRESSIVE;
				CLANG_CXX_LANGUAGE_STANDARD = "gnu++14";
				CLANG_CXX_LIBRARY = "libc++";
				CLANG_ENABLE_MODULES = YES;
				CLANG_ENABLE_OBJC_ARC = YES;
				CLANG_ENABLE_OBJC_WEAK = YES;
				CLANG_WARN_BLOCK_CAPTURE_AUTORELEASING = YES;
				CLANG_WARN_BOOL_CONVERSION = YES;
				CLANG_WARN_COMMA = YES;
				CLANG_WARN_CONSTANT_CONVERSION = YES;
				CLANG_WARN_DEPRECATED_OBJC_IMPLEMENTATIONS = YES;
				CLANG_WARN_DIRECT_OBJC_ISA_USAGE = YES_ERROR;
				CLANG_WARN_DOCUMENTATION_COMMENTS = YES;
				CLANG_WARN_EMPTY_BODY = YES;
				CLANG_WARN_ENUM_CONVERSION = YES;
				CLANG_WARN_INFINITE_RECURSION = YES;
				CLANG_WARN_INT_CONVERSION = YES;
				CLANG_WARN_NON_LITERAL_NULL_CONVERSION = YES;
				CLANG_WARN_OBJC_IMPLICIT_RETAIN_SELF = YES;
				CLANG_WARN_OBJC_LITERAL_CONVERSION = YES;
				CLANG_WARN_OBJC_ROOT_CLASS = YES_ERROR;
				CLANG_WARN_RANGE_LOOP_ANALYSIS = YES;
				CLANG_WARN_STRICT_PROTOTYPES = YES;
				CLANG_WARN_SUSPICIOUS_MOVE = YES;
				CLANG_WARN_UNGUARDED_AVAILABILITY = YES_AGGRESSIVE;
				CLANG_WARN_UNREACHABLE_CODE = YES;
				CLANG_WARN__DUPLICATE_METHOD_MATCH = YES;
				COPY_PHASE_STRIP = NO;
				DEBUG_INFORMATION_FORMAT = "dwarf-with-dsym";
				ENABLE_NS_ASSERTIONS = NO;
				ENABLE_STRICT_OBJC_MSGSEND = YES;
				GCC_C_LANGUAGE_STANDARD = gnu11;
				GCC_NO_COMMON_BLOCKS = YES;
				GCC_WARN_64_TO_32_BIT_CONVERSION = YES;
				GCC_WARN_ABOUT_RETURN_TYPE = YES_ERROR;
				GCC_WARN_UNDECLARED_SELECTOR = YES;
				GCC_WARN_UNINITIALIZED_AUTOS = YES_AGGRESSIVE;
				GCC_WARN_UNUSED_FUNCTION = YES;
				GCC_WARN_UNUSED_VARIABLE = YES;
				IPHONEOS_DEPLOYMENT_TARGET = 13.2;
				MTL_ENABLE_DEBUG_INFO = NO;
				MTL_FAST_MATH = YES;
				SDKROOT = iphoneos;
				SWIFT_COMPILATION_MODE = wholemodule;
				SWIFT_OPTIMIZATION_LEVEL = "-O";
				VALIDATE_PRODUCT = YES;
			};
			name = Release;
		};
		16A3C61B23CBFF290096414E /* Debug */ = {
			isa = XCBuildConfiguration;
			buildSettings = {
				ASSETCATALOG_COMPILER_APPICON_NAME = AppIcon;
				CODE_SIGN_STYLE = Automatic;
				DEVELOPMENT_TEAM = 77833QF5RR;
				INFOPLIST_FILE = AnimationBasic1/Info.plist;
				IPHONEOS_DEPLOYMENT_TARGET = 12.4;
				LD_RUNPATH_SEARCH_PATHS = (
					"$(inherited)",
					"@executable_path/Frameworks",
				);
				PRODUCT_BUNDLE_IDENTIFIER = thienle.AnimationBasic1;
				PRODUCT_NAME = "$(TARGET_NAME)";
				SWIFT_VERSION = 5.0;
				TARGETED_DEVICE_FAMILY = "1,2";
			};
			name = Debug;
		};
		16A3C61C23CBFF290096414E /* Release */ = {
			isa = XCBuildConfiguration;
			buildSettings = {
				ASSETCATALOG_COMPILER_APPICON_NAME = AppIcon;
				CODE_SIGN_STYLE = Automatic;
				DEVELOPMENT_TEAM = 77833QF5RR;
				INFOPLIST_FILE = AnimationBasic1/Info.plist;
				IPHONEOS_DEPLOYMENT_TARGET = 12.4;
				LD_RUNPATH_SEARCH_PATHS = (
					"$(inherited)",
					"@executable_path/Frameworks",
				);
				PRODUCT_BUNDLE_IDENTIFIER = thienle.AnimationBasic1;
				PRODUCT_NAME = "$(TARGET_NAME)";
				SWIFT_VERSION = 5.0;
				TARGETED_DEVICE_FAMILY = "1,2";
			};
			name = Release;
		};
/* End XCBuildConfiguration section */

/* Begin XCConfigurationList section */
		16A3C60123CBFF270096414E /* Build configuration list for PBXProject "AnimationBasic1" */ = {
			isa = XCConfigurationList;
			buildConfigurations = (
				16A3C61823CBFF290096414E /* Debug */,
				16A3C61923CBFF290096414E /* Release */,
			);
			defaultConfigurationIsVisible = 0;
			defaultConfigurationName = Release;
		};
		16A3C61A23CBFF290096414E /* Build configuration list for PBXNativeTarget "AnimationBasic1" */ = {
			isa = XCConfigurationList;
			buildConfigurations = (
				16A3C61B23CBFF290096414E /* Debug */,
				16A3C61C23CBFF290096414E /* Release */,
			);
			defaultConfigurationIsVisible = 0;
			defaultConfigurationName = Release;
		};
/* End XCConfigurationList section */
	};
	rootObject = 16A3C5FE23CBFF270096414E /* Project object */;
}
